
Microsoft Visual Studio Solution File, Format Version 12.00
# Visual Studio 15
Project("{FAE04EC0-301F-11D3-BF4B-00C04F79EFBC}") = "PBS.UI", "PBS.UI\PBS.UI.csproj", "{72044C2B-5B37-4F22-A917-E7603CAFD0DD}"
EndProject
Project("{FAE04EC0-301F-11D3-BF4B-00C04F79EFBC}") = "PBS.API", "PBS.API\PBS.API.csproj", "{43D87862-84EF-4E4D-97ED-7136BC0385B6}"
EndProject
Project("{FAE04EC0-301F-11D3-BF4B-00C04F79EFBC}") = "PBS.Service", "PBS.Service\PBS.Service.csproj", "{485F7F96-C6B9-445A-B46D-7C11B1E1E107}"
EndProject
Project("{FAE04EC0-301F-11D3-BF4B-00C04F79EFBC}") = "PBS.Business", "PBS.Business\PBS.Business.csproj", "{3468A487-D7F0-4D73-BEC5-C8FB9DB3AD57}"
EndProject
Project("{FAE04EC0-301F-11D3-BF4B-00C04F79EFBC}") = "PBS.Toolkit", "PBS.Toolkit\PBS.Toolkit.csproj", "{865C20AB-E065-4717-954A-994C8DB6BB5B}"
EndProject
Project("{FAE04EC0-301F-11D3-BF4B-00C04F79EFBC}") = "PBS.Core", "PBS.Core\PBS.Core.csproj", "{DA610971-ED1B-4EA4-BB07-9375537E5723}"
EndProject
Project("{FAE04EC0-301F-11D3-BF4B-00C04F79EFBC}") = "PBS.Data", "PBS.Data\PBS.Data.csproj", "{3F0AB321-165B-4B91-8B9D-BEC50AF8A57E}"
EndProject
Global
	GlobalSection(SolutionConfigurationPlatforms) = preSolution
		Debug|Any CPU = Debug|Any CPU
		Release|Any CPU = Release|Any CPU
	EndGlobalSection
	GlobalSection(ProjectConfigurationPlatforms) = postSolution
		{72044C2B-5B37-4F22-A917-E7603CAFD0DD}.Debug|Any CPU.ActiveCfg = Debug|Any CPU
		{72044C2B-5B37-4F22-A917-E7603CAFD0DD}.Debug|Any CPU.Build.0 = Debug|Any CPU
		{72044C2B-5B37-4F22-A917-E7603CAFD0DD}.Release|Any CPU.ActiveCfg = Release|Any CPU
		{72044C2B-5B37-4F22-A917-E7603CAFD0DD}.Release|Any CPU.Build.0 = Release|Any CPU
		{43D87862-84EF-4E4D-97ED-7136BC0385B6}.Debug|Any CPU.ActiveCfg = Debug|Any CPU
		{43D87862-84EF-4E4D-97ED-7136BC0385B6}.Debug|Any CPU.Build.0 = Debug|Any CPU
		{43D87862-84EF-4E4D-97ED-7136BC0385B6}.Release|Any CPU.ActiveCfg = Release|Any CPU
		{43D87862-84EF-4E4D-97ED-7136BC0385B6}.Release|Any CPU.Build.0 = Release|Any CPU
		{485F7F96-C6B9-445A-B46D-7C11B1E1E107}.Debug|Any CPU.ActiveCfg = Debug|Any CPU
		{485F7F96-C6B9-445A-B46D-7C11B1E1E107}.Debug|Any CPU.Build.0 = Debug|Any CPU
		{485F7F96-C6B9-445A-B46D-7C11B1E1E107}.Release|Any CPU.ActiveCfg = Release|Any CPU
		{485F7F96-C6B9-445A-B46D-7C11B1E1E107}.Release|Any CPU.Build.0 = Release|Any CPU
		{3468A487-D7F0-4D73-BEC5-C8FB9DB3AD57}.Debug|Any CPU.ActiveCfg = Debug|Any CPU
		{3468A487-D7F0-4D73-BEC5-C8FB9DB3AD57}.Debug|Any CPU.Build.0 = Debug|Any CPU
		{3468A487-D7F0-4D73-BEC5-C8FB9DB3AD57}.Release|Any CPU.ActiveCfg = Release|Any CPU
		{3468A487-D7F0-4D73-BEC5-C8FB9DB3AD57}.Release|Any CPU.Build.0 = Release|Any CPU
		{865C20AB-E065-4717-954A-994C8DB6BB5B}.Debug|Any CPU.ActiveCfg = Debug|Any CPU
		{865C20AB-E065-4717-954A-994C8DB6BB5B}.Debug|Any CPU.Build.0 = Debug|Any CPU
		{865C20AB-E065-4717-954A-994C8DB6BB5B}.Release|Any CPU.ActiveCfg = Release|Any CPU
		{865C20AB-E065-4717-954A-994C8DB6BB5B}.Release|Any CPU.Build.0 = Release|Any CPU
		{DA610971-ED1B-4EA4-BB07-9375537E5723}.Debug|Any CPU.ActiveCfg = Debug|Any CPU
		{DA610971-ED1B-4EA4-BB07-9375537E5723}.Debug|Any CPU.Build.0 = Debug|Any CPU
		{DA610971-ED1B-4EA4-BB07-9375537E5723}.Release|Any CPU.ActiveCfg = Release|Any CPU
		{DA610971-ED1B-4EA4-BB07-9375537E5723}.Release|Any CPU.Build.0 = Release|Any CPU
		{3F0AB321-165B-4B91-8B9D-BEC50AF8A57E}.Debug|Any CPU.ActiveCfg = Debug|Any CPU
		{3F0AB321-165B-4B91-8B9D-BEC50AF8A57E}.Debug|Any CPU.Build.0 = Debug|Any CPU
		{3F0AB321-165B-4B91-8B9D-BEC50AF8A57E}.Release|Any CPU.ActiveCfg = Release|Any CPU
		{3F0AB321-165B-4B91-8B9D-BEC50AF8A57E}.Release|Any CPU.Build.0 = Release|Any CPU
	EndGlobalSection
EndGlobal
